
Microsoft Visual Studio Solution File, Format Version 12.00
# Visual Studio Version 17
VisualStudioVersion = 17.1.32421.90
MinimumVisualStudioVersion = 10.0.40219.1
Project("{FAE04EC0-301F-11D3-BF4B-00C04F79EFBC}") = "Netstat_Realtime", "Netstat_Realtime\Netstat_Realtime.csproj", "{668A5265-EFA0-43E3-88BB-F8D9783FCC47}"
EndProject
Global
	GlobalSection(SolutionConfigurationPlatforms) = preSolution
		Debug|Any CPU = Debug|Any CPU
		Release|Any CPU = Release|Any CPU
	EndGlobalSection
	GlobalSection(ProjectConfigurationPlatforms) = postSolution
		{668A5265-EFA0-43E3-88BB-F8D9783FCC47}.Debug|Any CPU.ActiveCfg = Debug|Any CPU
		{668A5265-EFA0-43E3-88BB-F8D9783FCC47}.Debug|Any CPU.Build.0 = Debug|Any CPU
		{668A5265-EFA0-43E3-88BB-F8D9783FCC47}.Release|Any CPU.ActiveCfg = Release|Any CPU
		{668A5265-EFA0-43E3-88BB-F8D9783FCC47}.Release|Any CPU.Build.0 = Release|Any CPU
	EndGlobalSection
	GlobalSection(SolutionProperties) = preSolution
		HideSolutionNode = FALSE
	EndGlobalSection
	GlobalSection(ExtensibilityGlobals) = postSolution
		SolutionGuid = {0C19511C-54D0-4580-98E2-9D0983CBBA53}
	EndGlobalSection
EndGlobal
